
Microsoft Visual Studio Solution File, Format Version 12.00
# Visual Studio Version 17
VisualStudioVersion = 17.7.34009.444
MinimumVisualStudioVersion = 10.0.40219.1
Project("{2150E333-8FDC-42A3-9474-1A3956D46DE8}") = "00-HelloWorld", "00-HelloWorld", "{C69358F6-ED44-4B35-9457-87E3FBE10CCC}"
EndProject
Project("{9A19103F-16F7-4668-BE54-9A1E7A4F7556}") = "HelloWorldOld", "00-HelloWorld\HelloWorldOld\HelloWorldOld.csproj", "{AD889216-1E2A-43CE-BC75-D4873803021B}"
EndProject
Project("{9A19103F-16F7-4668-BE54-9A1E7A4F7556}") = "HelloWorldNew", "00-HelloWorld\HelloWorldNew\HelloWorldNew.csproj", "{EC63F426-A0D1-4DD3-BCDF-66147FD7F6AD}"
EndProject
Project("{2150E333-8FDC-42A3-9474-1A3956D46DE8}") = "07-BasicConcepts", "07-BasicConcepts", "{E0F434B7-BAF1-4ED6-B4C5-55DB0417E9F2}"
EndProject
Project("{2150E333-8FDC-42A3-9474-1A3956D46DE8}") = "01-ApplicationStartup", "01-ApplicationStartup", "{A62E1C94-9C76-42FF-98C6-BF0E07D8059C}"
EndProject
Project("{2150E333-8FDC-42A3-9474-1A3956D46DE8}") = "01-ClassLibrary", "01-ClassLibrary", "{FCB8B8E3-AFD3-4559-BBE8-1C31A630D355}"
EndProject
Project("{2150E333-8FDC-42A3-9474-1A3956D46DE8}") = "02-Application", "02-Application", "{4F7EF59A-6BAD-4AD2-A780-262B7D4414B0}"
EndProject
Project("{9A19103F-16F7-4668-BE54-9A1E7A4F7556}") = "ClassLibrary", "07-BasicConcepts\01-ApplicationStartup\01-ClassLibrary\ClassLibrary\ClassLibrary.csproj", "{B020C019-5D6F-4A39-8BCC-8AFAC4E996E9}"
EndProject
Project("{9A19103F-16F7-4668-BE54-9A1E7A4F7556}") = "Application", "07-BasicConcepts\01-ApplicationStartup\02-Application\Application\Application.csproj", "{FC6C2925-49BB-45FD-859A-CE3DA2D524DC}"
EndProject
Project("{2150E333-8FDC-42A3-9474-1A3956D46DE8}") = "Solution Items", "Solution Items", "{9ED9808F-D228-4513-896B-347FB72C835F}"
	ProjectSection(SolutionItems) = preProject
		kaldigim-yer.txt = kaldigim-yer.txt
		kurallar.txt = kurallar.txt
	EndProjectSection
EndProject
Project("{2150E333-8FDC-42A3-9474-1A3956D46DE8}") = "02-ApplicationTermination", "02-ApplicationTermination", "{BA8576F6-B7F9-44D9-A144-BC20DEBCCB7C}"
EndProject
Project("{9A19103F-16F7-4668-BE54-9A1E7A4F7556}") = "Application", "07-BasicConcepts\02-ApplicationTermination\Application\Application.csproj", "{86738D65-A60D-465A-851F-03174767BBB7}"
EndProject
Project("{2150E333-8FDC-42A3-9474-1A3956D46DE8}") = "03-Declarations", "03-Declarations", "{61AC0200-01A3-48D8-8356-4385E1F4F2AC}"
EndProject
Project("{9A19103F-16F7-4668-BE54-9A1E7A4F7556}") = "Application", "07-BasicConcepts\03-Declarations\Application\Application.csproj", "{5D6E2128-FDFC-4E62-91E8-3097A84D269E}"
EndProject
Project("{2150E333-8FDC-42A3-9474-1A3956D46DE8}") = "04-Members", "04-Members", "{94D4FA39-FC01-428C-B5AA-C00999F5B291}"
EndProject
Project("{9A19103F-16F7-4668-BE54-9A1E7A4F7556}") = "Application", "07-BasicConcepts\04-Members\Application\Application.csproj", "{2FC324A1-3EB0-45E4-9A18-3E8E8AD60444}"
EndProject
Project("{2150E333-8FDC-42A3-9474-1A3956D46DE8}") = "05-MemberAccess", "05-MemberAccess", "{2D1FAB5D-E932-4D53-8399-2DF20F4019FD}"
EndProject
Project("{9A19103F-16F7-4668-BE54-9A1E7A4F7556}") = "Application", "07-BasicConcepts\05-MemberAccess\Application\Application.csproj", "{4A2FEB30-7C1E-4584-BB3B-F6FB1136ADDE}"
EndProject
Project("{2150E333-8FDC-42A3-9474-1A3956D46DE8}") = "90-LinkedInCourses", "90-LinkedInCourses", "{89BD6F57-0A03-422A-8A7F-5A0267E66FFB}"
EndProject
Project("{2150E333-8FDC-42A3-9474-1A3956D46DE8}") = "02-EssentialTraining2", "02-EssentialTraining2", "{8B7C01CA-6EDF-4CD7-B0A9-DEB9322C9F2E}"
EndProject
Project("{2150E333-8FDC-42A3-9474-1A3956D46DE8}") = "01-Generics", "01-Generics", "{CE7C3B1F-C8D0-4E8C-A49A-ED863B904E8C}"
EndProject
Project("{9A19103F-16F7-4668-BE54-9A1E7A4F7556}") = "Application", "90-LinkedInCourses\02-EssentialTraining2\01-Generics\Application\Application.csproj", "{E8FE425A-B8AB-444D-96A9-88720415D862}"
EndProject
Project("{9A19103F-16F7-4668-BE54-9A1E7A4F7556}") = "ClassLibrary", "90-LinkedInCourses\02-EssentialTraining2\01-Generics\ClassLibrary\ClassLibrary.csproj", "{98A3D665-AFCA-49EB-9AFB-0F53FAF12D3D}"
EndProject
Project("{2150E333-8FDC-42A3-9474-1A3956D46DE8}") = "01-Source", "01-Source", "{55E9ACEA-3AA0-45D6-B7E9-A859CBB323AF}"
EndProject
Project("{2150E333-8FDC-42A3-9474-1A3956D46DE8}") = "MSIL", "MSIL", "{71B9A247-6D46-4D54-901C-5E7581545156}"
EndProject
Project("{2150E333-8FDC-42A3-9474-1A3956D46DE8}") = "ILDASM", "ILDASM", "{26B3F4A8-8424-457F-9878-59C07398C89E}"
EndProject
Project("{9A19103F-16F7-4668-BE54-9A1E7A4F7556}") = "Application", "01-Source\MSIL\Application\Application.csproj", "{85376AB8-CC3A-42BC-9280-077DC21D0F23}"
EndProject
Project("{9A19103F-16F7-4668-BE54-9A1E7A4F7556}") = "Application", "01-Source\ILDASM\Application\Application.csproj", "{39A2DE6C-A8B2-4964-9277-5C8C81B5F4EB}"
EndProject
Project("{2150E333-8FDC-42A3-9474-1A3956D46DE8}") = "BaseClassLibrary", "BaseClassLibrary", "{DBADB683-DE42-40C0-B799-72DA2B208257}"
EndProject
Project("{9A19103F-16F7-4668-BE54-9A1E7A4F7556}") = "Application", "01-Source\BaseClassLibrary\Application\Application\Application.csproj", "{23022BC1-C1CC-4E7A-9608-68145A7D5E8D}"
EndProject
Project("{2150E333-8FDC-42A3-9474-1A3956D46DE8}") = "NuGet", "NuGet", "{8EF1330E-7931-47C4-A58F-F752EFCFCFDC}"
EndProject
Project("{9A19103F-16F7-4668-BE54-9A1E7A4F7556}") = "Application", "01-Source\NuGet\Application\Application.csproj", "{D72742B7-CC75-4DE6-948D-9781D9F960AE}"
EndProject
Project("{2150E333-8FDC-42A3-9474-1A3956D46DE8}") = "Classes", "Classes", "{A0FC8FAA-6B02-47E9-81D7-402C09F17C83}"
EndProject
Project("{9A19103F-16F7-4668-BE54-9A1E7A4F7556}") = "Application", "01-Source\Classes\Application\Application.csproj", "{36C7FE4A-CBE2-4BA6-BB56-124E4308A668}"
EndProject
Project("{2150E333-8FDC-42A3-9474-1A3956D46DE8}") = "Constructors", "Constructors", "{C0671C34-F5E9-43A9-8753-174480AB3429}"
EndProject
Project("{9A19103F-16F7-4668-BE54-9A1E7A4F7556}") = "Application", "01-Source\Constructors\Application\Application.csproj", "{76A69B69-64BC-43CC-A639-D1E29F6714E4}"
EndProject
Project("{2150E333-8FDC-42A3-9474-1A3956D46DE8}") = "Structs", "Structs", "{840D2DFB-0AD4-43D3-BA34-0CAE3C5944AA}"
EndProject
Project("{2150E333-8FDC-42A3-9474-1A3956D46DE8}") = "Interfaces", "Interfaces", "{BCC13B02-D7C9-4288-A32D-340939A60CAD}"
EndProject
Project("{9A19103F-16F7-4668-BE54-9A1E7A4F7556}") = "Application", "01-Source\Interfaces\Application\Application.csproj", "{87AA698B-AA2C-4F6B-B7A0-5DA6DB56C482}"
EndProject
Project("{2150E333-8FDC-42A3-9474-1A3956D46DE8}") = "Types", "Types", "{F3EDCDAC-AE8F-424D-9DCF-338036FB8B6C}"
EndProject
Project("{9A19103F-16F7-4668-BE54-9A1E7A4F7556}") = "Application", "01-Source\Types\Application\Application.csproj", "{0223B3D6-3577-4C17-B097-3CD57699D3B0}"
EndProject
Project("{2150E333-8FDC-42A3-9474-1A3956D46DE8}") = "Fields", "Fields", "{06F679A5-6BFD-4FA7-9068-CFDB07484066}"
EndProject
Project("{2150E333-8FDC-42A3-9474-1A3956D46DE8}") = "Properties", "Properties", "{6E527793-C775-48CD-A308-7C5C0E5C60D2}"
EndProject
Project("{9A19103F-16F7-4668-BE54-9A1E7A4F7556}") = "Application", "01-Source\Fields\Application\Application.csproj", "{AAAD2807-3876-4B0C-A2A2-6BA976779249}"
EndProject
Project("{9A19103F-16F7-4668-BE54-9A1E7A4F7556}") = "Application", "01-Source\Properties\Application\Application.csproj", "{362FCF20-7BAD-4A6C-AA68-F13E8BF5C6FF}"
EndProject
Project("{FAE04EC0-301F-11D3-BF4B-00C04F79EFBC}") = "Application", "01-Source\Structs\Application\Application.csproj", "{D80C1F15-B532-426C-A260-4661295155EC}"
EndProject
Project("{FAE04EC0-301F-11D3-BF4B-00C04F79EFBC}") = "Example1", "01-Source\Classes\Example1\Example1.csproj", "{9A50909B-E214-4DC8-B36B-80F514EBC210}"
EndProject
Project("{2150E333-8FDC-42A3-9474-1A3956D46DE8}") = "Records", "Records", "{79FCF29B-3531-43BD-B2EC-429445745D81}"
EndProject
Project("{FAE04EC0-301F-11D3-BF4B-00C04F79EFBC}") = "Application", "01-Source\Records\Application\Application.csproj", "{E751F02D-7783-43C3-973C-876D8570DD04}"
EndProject
Project("{FAE04EC0-301F-11D3-BF4B-00C04F79EFBC}") = "Test", "00-HelloWorld\Test\Test.csproj", "{A8875316-4DC1-484B-8FE5-983201A9524C}"
EndProject
Global
	GlobalSection(SolutionConfigurationPlatforms) = preSolution
		Debug|Any CPU = Debug|Any CPU
		Release|Any CPU = Release|Any CPU
	EndGlobalSection
	GlobalSection(ProjectConfigurationPlatforms) = postSolution
		{AD889216-1E2A-43CE-BC75-D4873803021B}.Debug|Any CPU.ActiveCfg = Debug|Any CPU
		{AD889216-1E2A-43CE-BC75-D4873803021B}.Debug|Any CPU.Build.0 = Debug|Any CPU
		{AD889216-1E2A-43CE-BC75-D4873803021B}.Release|Any CPU.ActiveCfg = Release|Any CPU
		{AD889216-1E2A-43CE-BC75-D4873803021B}.Release|Any CPU.Build.0 = Release|Any CPU
		{EC63F426-A0D1-4DD3-BCDF-66147FD7F6AD}.Debug|Any CPU.ActiveCfg = Debug|Any CPU
		{EC63F426-A0D1-4DD3-BCDF-66147FD7F6AD}.Debug|Any CPU.Build.0 = Debug|Any CPU
		{EC63F426-A0D1-4DD3-BCDF-66147FD7F6AD}.Release|Any CPU.ActiveCfg = Release|Any CPU
		{EC63F426-A0D1-4DD3-BCDF-66147FD7F6AD}.Release|Any CPU.Build.0 = Release|Any CPU
		{B020C019-5D6F-4A39-8BCC-8AFAC4E996E9}.Debug|Any CPU.ActiveCfg = Debug|Any CPU
		{B020C019-5D6F-4A39-8BCC-8AFAC4E996E9}.Debug|Any CPU.Build.0 = Debug|Any CPU
		{B020C019-5D6F-4A39-8BCC-8AFAC4E996E9}.Release|Any CPU.ActiveCfg = Release|Any CPU
		{B020C019-5D6F-4A39-8BCC-8AFAC4E996E9}.Release|Any CPU.Build.0 = Release|Any CPU
		{FC6C2925-49BB-45FD-859A-CE3DA2D524DC}.Debug|Any CPU.ActiveCfg = Debug|Any CPU
		{FC6C2925-49BB-45FD-859A-CE3DA2D524DC}.Debug|Any CPU.Build.0 = Debug|Any CPU
		{FC6C2925-49BB-45FD-859A-CE3DA2D524DC}.Release|Any CPU.ActiveCfg = Release|Any CPU
		{FC6C2925-49BB-45FD-859A-CE3DA2D524DC}.Release|Any CPU.Build.0 = Release|Any CPU
		{86738D65-A60D-465A-851F-03174767BBB7}.Debug|Any CPU.ActiveCfg = Debug|Any CPU
		{86738D65-A60D-465A-851F-03174767BBB7}.Debug|Any CPU.Build.0 = Debug|Any CPU
		{86738D65-A60D-465A-851F-03174767BBB7}.Release|Any CPU.ActiveCfg = Release|Any CPU
		{86738D65-A60D-465A-851F-03174767BBB7}.Release|Any CPU.Build.0 = Release|Any CPU
		{5D6E2128-FDFC-4E62-91E8-3097A84D269E}.Debug|Any CPU.ActiveCfg = Debug|Any CPU
		{5D6E2128-FDFC-4E62-91E8-3097A84D269E}.Debug|Any CPU.Build.0 = Debug|Any CPU
		{5D6E2128-FDFC-4E62-91E8-3097A84D269E}.Release|Any CPU.ActiveCfg = Release|Any CPU
		{5D6E2128-FDFC-4E62-91E8-3097A84D269E}.Release|Any CPU.Build.0 = Release|Any CPU
		{2FC324A1-3EB0-45E4-9A18-3E8E8AD60444}.Debug|Any CPU.ActiveCfg = Debug|Any CPU
		{2FC324A1-3EB0-45E4-9A18-3E8E8AD60444}.Debug|Any CPU.Build.0 = Debug|Any CPU
		{2FC324A1-3EB0-45E4-9A18-3E8E8AD60444}.Release|Any CPU.ActiveCfg = Release|Any CPU
		{2FC324A1-3EB0-45E4-9A18-3E8E8AD60444}.Release|Any CPU.Build.0 = Release|Any CPU
		{4A2FEB30-7C1E-4584-BB3B-F6FB1136ADDE}.Debug|Any CPU.ActiveCfg = Debug|Any CPU
		{4A2FEB30-7C1E-4584-BB3B-F6FB1136ADDE}.Debug|Any CPU.Build.0 = Debug|Any CPU
		{4A2FEB30-7C1E-4584-BB3B-F6FB1136ADDE}.Release|Any CPU.ActiveCfg = Release|Any CPU
		{4A2FEB30-7C1E-4584-BB3B-F6FB1136ADDE}.Release|Any CPU.Build.0 = Release|Any CPU
		{E8FE425A-B8AB-444D-96A9-88720415D862}.Debug|Any CPU.ActiveCfg = Debug|Any CPU
		{E8FE425A-B8AB-444D-96A9-88720415D862}.Debug|Any CPU.Build.0 = Debug|Any CPU
		{E8FE425A-B8AB-444D-96A9-88720415D862}.Release|Any CPU.ActiveCfg = Release|Any CPU
		{E8FE425A-B8AB-444D-96A9-88720415D862}.Release|Any CPU.Build.0 = Release|Any CPU
		{98A3D665-AFCA-49EB-9AFB-0F53FAF12D3D}.Debug|Any CPU.ActiveCfg = Debug|Any CPU
		{98A3D665-AFCA-49EB-9AFB-0F53FAF12D3D}.Debug|Any CPU.Build.0 = Debug|Any CPU
		{98A3D665-AFCA-49EB-9AFB-0F53FAF12D3D}.Release|Any CPU.ActiveCfg = Release|Any CPU
		{98A3D665-AFCA-49EB-9AFB-0F53FAF12D3D}.Release|Any CPU.Build.0 = Release|Any CPU
		{85376AB8-CC3A-42BC-9280-077DC21D0F23}.Debug|Any CPU.ActiveCfg = Debug|Any CPU
		{85376AB8-CC3A-42BC-9280-077DC21D0F23}.Debug|Any CPU.Build.0 = Debug|Any CPU
		{85376AB8-CC3A-42BC-9280-077DC21D0F23}.Release|Any CPU.ActiveCfg = Release|Any CPU
		{85376AB8-CC3A-42BC-9280-077DC21D0F23}.Release|Any CPU.Build.0 = Release|Any CPU
		{39A2DE6C-A8B2-4964-9277-5C8C81B5F4EB}.Debug|Any CPU.ActiveCfg = Debug|Any CPU
		{39A2DE6C-A8B2-4964-9277-5C8C81B5F4EB}.Debug|Any CPU.Build.0 = Debug|Any CPU
		{39A2DE6C-A8B2-4964-9277-5C8C81B5F4EB}.Release|Any CPU.ActiveCfg = Release|Any CPU
		{39A2DE6C-A8B2-4964-9277-5C8C81B5F4EB}.Release|Any CPU.Build.0 = Release|Any CPU
		{23022BC1-C1CC-4E7A-9608-68145A7D5E8D}.Debug|Any CPU.ActiveCfg = Debug|Any CPU
		{23022BC1-C1CC-4E7A-9608-68145A7D5E8D}.Debug|Any CPU.Build.0 = Debug|Any CPU
		{23022BC1-C1CC-4E7A-9608-68145A7D5E8D}.Release|Any CPU.ActiveCfg = Release|Any CPU
		{23022BC1-C1CC-4E7A-9608-68145A7D5E8D}.Release|Any CPU.Build.0 = Release|Any CPU
		{D72742B7-CC75-4DE6-948D-9781D9F960AE}.Debug|Any CPU.ActiveCfg = Debug|Any CPU
		{D72742B7-CC75-4DE6-948D-9781D9F960AE}.Debug|Any CPU.Build.0 = Debug|Any CPU
		{D72742B7-CC75-4DE6-948D-9781D9F960AE}.Release|Any CPU.ActiveCfg = Release|Any CPU
		{D72742B7-CC75-4DE6-948D-9781D9F960AE}.Release|Any CPU.Build.0 = Release|Any CPU
		{36C7FE4A-CBE2-4BA6-BB56-124E4308A668}.Debug|Any CPU.ActiveCfg = Debug|Any CPU
		{36C7FE4A-CBE2-4BA6-BB56-124E4308A668}.Debug|Any CPU.Build.0 = Debug|Any CPU
		{36C7FE4A-CBE2-4BA6-BB56-124E4308A668}.Release|Any CPU.ActiveCfg = Release|Any CPU
		{36C7FE4A-CBE2-4BA6-BB56-124E4308A668}.Release|Any CPU.Build.0 = Release|Any CPU
		{76A69B69-64BC-43CC-A639-D1E29F6714E4}.Debug|Any CPU.ActiveCfg = Debug|Any CPU
		{76A69B69-64BC-43CC-A639-D1E29F6714E4}.Debug|Any CPU.Build.0 = Debug|Any CPU
		{76A69B69-64BC-43CC-A639-D1E29F6714E4}.Release|Any CPU.ActiveCfg = Release|Any CPU
		{76A69B69-64BC-43CC-A639-D1E29F6714E4}.Release|Any CPU.Build.0 = Release|Any CPU
		{87AA698B-AA2C-4F6B-B7A0-5DA6DB56C482}.Debug|Any CPU.ActiveCfg = Debug|Any CPU
		{87AA698B-AA2C-4F6B-B7A0-5DA6DB56C482}.Debug|Any CPU.Build.0 = Debug|Any CPU
		{87AA698B-AA2C-4F6B-B7A0-5DA6DB56C482}.Release|Any CPU.ActiveCfg = Release|Any CPU
		{87AA698B-AA2C-4F6B-B7A0-5DA6DB56C482}.Release|Any CPU.Build.0 = Release|Any CPU
		{0223B3D6-3577-4C17-B097-3CD57699D3B0}.Debug|Any CPU.ActiveCfg = Debug|Any CPU
		{0223B3D6-3577-4C17-B097-3CD57699D3B0}.Debug|Any CPU.Build.0 = Debug|Any CPU
		{0223B3D6-3577-4C17-B097-3CD57699D3B0}.Release|Any CPU.ActiveCfg = Release|Any CPU
		{0223B3D6-3577-4C17-B097-3CD57699D3B0}.Release|Any CPU.Build.0 = Release|Any CPU
		{AAAD2807-3876-4B0C-A2A2-6BA976779249}.Debug|Any CPU.ActiveCfg = Debug|Any CPU
		{AAAD2807-3876-4B0C-A2A2-6BA976779249}.Debug|Any CPU.Build.0 = Debug|Any CPU
		{AAAD2807-3876-4B0C-A2A2-6BA976779249}.Release|Any CPU.ActiveCfg = Release|Any CPU
		{AAAD2807-3876-4B0C-A2A2-6BA976779249}.Release|Any CPU.Build.0 = Release|Any CPU
		{362FCF20-7BAD-4A6C-AA68-F13E8BF5C6FF}.Debug|Any CPU.ActiveCfg = Debug|Any CPU
		{362FCF20-7BAD-4A6C-AA68-F13E8BF5C6FF}.Debug|Any CPU.Build.0 = Debug|Any CPU
		{362FCF20-7BAD-4A6C-AA68-F13E8BF5C6FF}.Release|Any CPU.ActiveCfg = Release|Any CPU
		{362FCF20-7BAD-4A6C-AA68-F13E8BF5C6FF}.Release|Any CPU.Build.0 = Release|Any CPU
		{D80C1F15-B532-426C-A260-4661295155EC}.Debug|Any CPU.ActiveCfg = Debug|Any CPU
		{D80C1F15-B532-426C-A260-4661295155EC}.Debug|Any CPU.Build.0 = Debug|Any CPU
		{D80C1F15-B532-426C-A260-4661295155EC}.Release|Any CPU.ActiveCfg = Release|Any CPU
		{D80C1F15-B532-426C-A260-4661295155EC}.Release|Any CPU.Build.0 = Release|Any CPU
		{9A50909B-E214-4DC8-B36B-80F514EBC210}.Debug|Any CPU.ActiveCfg = Debug|Any CPU
		{9A50909B-E214-4DC8-B36B-80F514EBC210}.Debug|Any CPU.Build.0 = Debug|Any CPU
		{9A50909B-E214-4DC8-B36B-80F514EBC210}.Release|Any CPU.ActiveCfg = Release|Any CPU
		{9A50909B-E214-4DC8-B36B-80F514EBC210}.Release|Any CPU.Build.0 = Release|Any CPU
		{E751F02D-7783-43C3-973C-876D8570DD04}.Debug|Any CPU.ActiveCfg = Debug|Any CPU
		{E751F02D-7783-43C3-973C-876D8570DD04}.Debug|Any CPU.Build.0 = Debug|Any CPU
		{E751F02D-7783-43C3-973C-876D8570DD04}.Release|Any CPU.ActiveCfg = Release|Any CPU
		{E751F02D-7783-43C3-973C-876D8570DD04}.Release|Any CPU.Build.0 = Release|Any CPU
		{A8875316-4DC1-484B-8FE5-983201A9524C}.Debug|Any CPU.ActiveCfg = Debug|Any CPU
		{A8875316-4DC1-484B-8FE5-983201A9524C}.Debug|Any CPU.Build.0 = Debug|Any CPU
		{A8875316-4DC1-484B-8FE5-983201A9524C}.Release|Any CPU.ActiveCfg = Release|Any CPU
		{A8875316-4DC1-484B-8FE5-983201A9524C}.Release|Any CPU.Build.0 = Release|Any CPU
	EndGlobalSection
	GlobalSection(SolutionProperties) = preSolution
		HideSolutionNode = FALSE
	EndGlobalSection
	GlobalSection(NestedProjects) = preSolution
		{AD889216-1E2A-43CE-BC75-D4873803021B} = {C69358F6-ED44-4B35-9457-87E3FBE10CCC}
		{EC63F426-A0D1-4DD3-BCDF-66147FD7F6AD} = {C69358F6-ED44-4B35-9457-87E3FBE10CCC}
		{A62E1C94-9C76-42FF-98C6-BF0E07D8059C} = {E0F434B7-BAF1-4ED6-B4C5-55DB0417E9F2}
		{FCB8B8E3-AFD3-4559-BBE8-1C31A630D355} = {A62E1C94-9C76-42FF-98C6-BF0E07D8059C}
		{4F7EF59A-6BAD-4AD2-A780-262B7D4414B0} = {A62E1C94-9C76-42FF-98C6-BF0E07D8059C}
		{B020C019-5D6F-4A39-8BCC-8AFAC4E996E9} = {FCB8B8E3-AFD3-4559-BBE8-1C31A630D355}
		{FC6C2925-49BB-45FD-859A-CE3DA2D524DC} = {4F7EF59A-6BAD-4AD2-A780-262B7D4414B0}
		{BA8576F6-B7F9-44D9-A144-BC20DEBCCB7C} = {E0F434B7-BAF1-4ED6-B4C5-55DB0417E9F2}
		{86738D65-A60D-465A-851F-03174767BBB7} = {BA8576F6-B7F9-44D9-A144-BC20DEBCCB7C}
		{61AC0200-01A3-48D8-8356-4385E1F4F2AC} = {E0F434B7-BAF1-4ED6-B4C5-55DB0417E9F2}
		{5D6E2128-FDFC-4E62-91E8-3097A84D269E} = {61AC0200-01A3-48D8-8356-4385E1F4F2AC}
		{94D4FA39-FC01-428C-B5AA-C00999F5B291} = {E0F434B7-BAF1-4ED6-B4C5-55DB0417E9F2}
		{2FC324A1-3EB0-45E4-9A18-3E8E8AD60444} = {94D4FA39-FC01-428C-B5AA-C00999F5B291}
		{2D1FAB5D-E932-4D53-8399-2DF20F4019FD} = {E0F434B7-BAF1-4ED6-B4C5-55DB0417E9F2}
		{4A2FEB30-7C1E-4584-BB3B-F6FB1136ADDE} = {2D1FAB5D-E932-4D53-8399-2DF20F4019FD}
		{8B7C01CA-6EDF-4CD7-B0A9-DEB9322C9F2E} = {89BD6F57-0A03-422A-8A7F-5A0267E66FFB}
		{CE7C3B1F-C8D0-4E8C-A49A-ED863B904E8C} = {8B7C01CA-6EDF-4CD7-B0A9-DEB9322C9F2E}
		{E8FE425A-B8AB-444D-96A9-88720415D862} = {CE7C3B1F-C8D0-4E8C-A49A-ED863B904E8C}
		{98A3D665-AFCA-49EB-9AFB-0F53FAF12D3D} = {CE7C3B1F-C8D0-4E8C-A49A-ED863B904E8C}
		{71B9A247-6D46-4D54-901C-5E7581545156} = {55E9ACEA-3AA0-45D6-B7E9-A859CBB323AF}
		{26B3F4A8-8424-457F-9878-59C07398C89E} = {55E9ACEA-3AA0-45D6-B7E9-A859CBB323AF}
		{85376AB8-CC3A-42BC-9280-077DC21D0F23} = {71B9A247-6D46-4D54-901C-5E7581545156}
		{39A2DE6C-A8B2-4964-9277-5C8C81B5F4EB} = {26B3F4A8-8424-457F-9878-59C07398C89E}
		{DBADB683-DE42-40C0-B799-72DA2B208257} = {55E9ACEA-3AA0-45D6-B7E9-A859CBB323AF}
		{23022BC1-C1CC-4E7A-9608-68145A7D5E8D} = {DBADB683-DE42-40C0-B799-72DA2B208257}
		{8EF1330E-7931-47C4-A58F-F752EFCFCFDC} = {55E9ACEA-3AA0-45D6-B7E9-A859CBB323AF}
		{D72742B7-CC75-4DE6-948D-9781D9F960AE} = {8EF1330E-7931-47C4-A58F-F752EFCFCFDC}
		{A0FC8FAA-6B02-47E9-81D7-402C09F17C83} = {55E9ACEA-3AA0-45D6-B7E9-A859CBB323AF}
		{36C7FE4A-CBE2-4BA6-BB56-124E4308A668} = {A0FC8FAA-6B02-47E9-81D7-402C09F17C83}
		{C0671C34-F5E9-43A9-8753-174480AB3429} = {55E9ACEA-3AA0-45D6-B7E9-A859CBB323AF}
		{76A69B69-64BC-43CC-A639-D1E29F6714E4} = {C0671C34-F5E9-43A9-8753-174480AB3429}
		{840D2DFB-0AD4-43D3-BA34-0CAE3C5944AA} = {55E9ACEA-3AA0-45D6-B7E9-A859CBB323AF}
		{BCC13B02-D7C9-4288-A32D-340939A60CAD} = {55E9ACEA-3AA0-45D6-B7E9-A859CBB323AF}
		{87AA698B-AA2C-4F6B-B7A0-5DA6DB56C482} = {BCC13B02-D7C9-4288-A32D-340939A60CAD}
		{F3EDCDAC-AE8F-424D-9DCF-338036FB8B6C} = {55E9ACEA-3AA0-45D6-B7E9-A859CBB323AF}
		{0223B3D6-3577-4C17-B097-3CD57699D3B0} = {F3EDCDAC-AE8F-424D-9DCF-338036FB8B6C}
		{06F679A5-6BFD-4FA7-9068-CFDB07484066} = {55E9ACEA-3AA0-45D6-B7E9-A859CBB323AF}
		{6E527793-C775-48CD-A308-7C5C0E5C60D2} = {55E9ACEA-3AA0-45D6-B7E9-A859CBB323AF}
		{AAAD2807-3876-4B0C-A2A2-6BA976779249} = {06F679A5-6BFD-4FA7-9068-CFDB07484066}
		{362FCF20-7BAD-4A6C-AA68-F13E8BF5C6FF} = {6E527793-C775-48CD-A308-7C5C0E5C60D2}
		{D80C1F15-B532-426C-A260-4661295155EC} = {840D2DFB-0AD4-43D3-BA34-0CAE3C5944AA}
		{9A50909B-E214-4DC8-B36B-80F514EBC210} = {A0FC8FAA-6B02-47E9-81D7-402C09F17C83}
		{79FCF29B-3531-43BD-B2EC-429445745D81} = {55E9ACEA-3AA0-45D6-B7E9-A859CBB323AF}
		{E751F02D-7783-43C3-973C-876D8570DD04} = {79FCF29B-3531-43BD-B2EC-429445745D81}
		{A8875316-4DC1-484B-8FE5-983201A9524C} = {C69358F6-ED44-4B35-9457-87E3FBE10CCC}
	EndGlobalSection
	GlobalSection(ExtensibilityGlobals) = postSolution
		SolutionGuid = {4822EC83-3A90-41D2-9E49-0311AD12A5A0}
	EndGlobalSection
EndGlobal
